<?xml version="1.0" encoding="utf-8"?>
<Project ToolsVersion="4.0" xmlns="http://schemas.microsoft.com/developer/msbuild/2003">
  <ItemGroup>
    <Filter Include="Source Files">
      <UniqueIdentifier>{4FC737F1-C7A5-4376-A066-2A32D752A2FF}</UniqueIdentifier>
      <Extensions>cpp;c;cc;cxx;def;odl;idl;hpj;bat;asm;asmx</Extensions>
    </Filter>
    <Filter Include="Header Files">
      <UniqueIdentifier>{93995380-89BD-4b04-88EB-625FBE52EBFB}</UniqueIdentifier>
      <Extensions>h;hh;hpp;hxx;hm;inl;inc;xsd</Extensions>
    </Filter>
    <Filter Include="Resource Files">
      <UniqueIdentifier>{67DA6AB6-F800-4c08-8B7A-83BB121AAD01}</UniqueIdentifier>
      <Extensions>rc;ico;cur;bmp;dlg;rc2;rct;bin;rgs;gif;jpg;jpeg;jpe;resx;tiff;tif;png;wav;mfcribbon-ms</Extensions>
    </Filter>
  </ItemGroup>
  <ItemGroup>
    <ClCompile Include="Login.cpp">
      <Filter>Source Files</Filter>
    </ClCompile>
    <ClCompile Include="HomeFather.cpp">
      <Filter>Source Files</Filter>
    </ClCompile>
    <ClCompile Include="about.cpp">
      <Filter>Source Files</Filter>
    </ClCompile>
    <ClCompile Include="AgregarAlumno.cpp">
      <Filter>Source Files</Filter>
    </ClCompile>
    <ClCompile Include="ListAlumnos.cpp">
      <Filter>Source Files</Filter>
    </ClCompile>
    <ClCompile Include="FormBimestre.cpp">
      <Filter>Source Files</Filter>
    </ClCompile>
    <ClCompile Include="RegistroProfe.cpp">
      <Filter>Source Files</Filter>
    </ClCompile>
    <ClCompile Include="Perfil.cpp">
      <Filter>Source Files</Filter>
    </ClCompile>
    <ClCompile Include="FormManual.cpp">
      <Filter>Source Files</Filter>
    </ClCompile>
    <ClCompile Include="FormExportar.cpp">
      <Filter>Source Files</Filter>
    </ClCompile>
    <ClCompile Include="FormWeb.cpp">
      <Filter>Source Files</Filter>
    </ClCompile>
  </ItemGroup>
  <ItemGroup>
    <ClInclude Include="Login.h">
      <Filter>Header Files</Filter>
    </ClInclude>
    <ClInclude Include="HomeFather.h">
      <Filter>Header Files</Filter>
    </ClInclude>
    <ClInclude Include="about.h">
      <Filter>Header Files</Filter>
    </ClInclude>
    <ClInclude Include="AgregarAlumno.h">
      <Filter>Header Files</Filter>
    </ClInclude>
    <ClInclude Include="ListAlumnos.h">
      <Filter>Header Files</Filter>
    </ClInclude>
    <ClInclude Include="FormBimestre.h">
      <Filter>Header Files</Filter>
    </ClInclude>
    <ClInclude Include="RegistroProfe.h">
      <Filter>Header Files</Filter>
    </ClInclude>
    <ClInclude Include="Perfil.h">
      <Filter>Header Files</Filter>
    </ClInclude>
    <ClInclude Include="FormManual.h">
      <Filter>Header Files</Filter>
    </ClInclude>
    <ClInclude Include="FormExportar.h">
      <Filter>Header Files</Filter>
    </ClInclude>
    <ClInclude Include="FormWeb.h">
      <Filter>Header Files</Filter>
    </ClInclude>
  </ItemGroup>
  <ItemGroup>
    <EmbeddedResource Include="about.resx">
      <Filter>Resource Files</Filter>
    </EmbeddedResource>
    <EmbeddedResource Include="AgregarAlumno.resx">
      <Filter>Resource Files</Filter>
    </EmbeddedResource>
    <EmbeddedResource Include="FormBimestre.resx">
      <Filter>Resource Files</Filter>
    </EmbeddedResource>
    <EmbeddedResource Include="HomeFather.resx">
      <Filter>Resource Files</Filter>
    </EmbeddedResource>
    <EmbeddedResource Include="ListAlumnos.resx">
      <Filter>Resource Files</Filter>
    </EmbeddedResource>
    <EmbeddedResource Include="Login.resx">
      <Filter>Resource Files</Filter>
    </EmbeddedResource>
    <EmbeddedResource Include="RegistroProfe.resx">
      <Filter>Resource Files</Filter>
    </EmbeddedResource>
    <EmbeddedResource Include="FormExportar.resx">
      <Filter>Resource Files</Filter>
    </EmbeddedResource>
    <EmbeddedResource Include="FormManual.resx">
      <Filter>Resource Files</Filter>
    </EmbeddedResource>
    <EmbeddedResource Include="Perfil.resx">
      <Filter>Resource Files</Filter>
    </EmbeddedResource>
    <EmbeddedResource Include="FormWeb.resx">
      <Filter>Resource Files</Filter>
    </EmbeddedResource>
  </ItemGroup>
  <ItemGroup>
    <None Include="licenses.licx" />
  </ItemGroup>
</Project>